# This file is autogenerated, do not edit; changes may be undone by the next 'dep ensure'.


[[projects]]
  name = "github.com/godbus/dbus"
  packages = ["."]
  revision = "a389bdde4dd695d414e47b755e95e72b7826432c"
  version = "v4.1.0"

[[projects]]
  branch = "master"
  name = "github.com/gotk3/gotk3"
  packages = [
    "cairo",
    "gdk",
    "glib",
    "gtk",
    "pango"
  ]
  revision = "7f333de702adefccd3d77fce3bcbd579ca873b24"

[solve-meta]
  analyzer-name = "dep"
  analyzer-version = 1
  inputs-digest = "74df552ce1066f667e478863413ab7b248d333fc1ea486bddcf226900a0a7d3a"
  solver-name = "gps-cdcl"
  solver-version = 1
